
Microsoft Visual Studio Solution File, Format Version 12.00
# Visual Studio Version 17
VisualStudioVersion = 17.6.33829.357
MinimumVisualStudioVersion = 10.0.40219.1
Project("{2150E333-8FDC-42A3-9474-1A3956D46DE8}") = "HW1", "HW1", "{5DA2D91B-1AB8-4602-A4E4-7B96E81ACBFA}"
EndProject
Project("{FAE04EC0-301F-11D3-BF4B-00C04F79EFBC}") = "HW1", "test1\HW1.csproj", "{B27D5CCA-33D6-4DB0-9D0F-BDA01F927546}"
EndProject
Project("{FAE04EC0-301F-11D3-BF4B-00C04F79EFBC}") = "HW2", "HW2\HW2.csproj", "{66FD8237-66EA-414A-B5CB-D0A0283C30BF}"
EndProject
Project("{FAE04EC0-301F-11D3-BF4B-00C04F79EFBC}") = "HW2.V2", "HW2.V2\HW2.V2.csproj", "{C91D6159-3754-4D83-81A4-52EF034AAA05}"
EndProject
Global
	GlobalSection(SolutionConfigurationPlatforms) = preSolution
		Debug|Any CPU = Debug|Any CPU
		Release|Any CPU = Release|Any CPU
	EndGlobalSection
	GlobalSection(ProjectConfigurationPlatforms) = postSolution
		{B27D5CCA-33D6-4DB0-9D0F-BDA01F927546}.Debug|Any CPU.ActiveCfg = Debug|Any CPU
		{B27D5CCA-33D6-4DB0-9D0F-BDA01F927546}.Debug|Any CPU.Build.0 = Debug|Any CPU
		{B27D5CCA-33D6-4DB0-9D0F-BDA01F927546}.Release|Any CPU.ActiveCfg = Release|Any CPU
		{B27D5CCA-33D6-4DB0-9D0F-BDA01F927546}.Release|Any CPU.Build.0 = Release|Any CPU
		{66FD8237-66EA-414A-B5CB-D0A0283C30BF}.Debug|Any CPU.ActiveCfg = Debug|Any CPU
		{66FD8237-66EA-414A-B5CB-D0A0283C30BF}.Debug|Any CPU.Build.0 = Debug|Any CPU
		{66FD8237-66EA-414A-B5CB-D0A0283C30BF}.Release|Any CPU.ActiveCfg = Release|Any CPU
		{66FD8237-66EA-414A-B5CB-D0A0283C30BF}.Release|Any CPU.Build.0 = Release|Any CPU
		{C91D6159-3754-4D83-81A4-52EF034AAA05}.Debug|Any CPU.ActiveCfg = Debug|Any CPU
		{C91D6159-3754-4D83-81A4-52EF034AAA05}.Debug|Any CPU.Build.0 = Debug|Any CPU
		{C91D6159-3754-4D83-81A4-52EF034AAA05}.Release|Any CPU.ActiveCfg = Release|Any CPU
		{C91D6159-3754-4D83-81A4-52EF034AAA05}.Release|Any CPU.Build.0 = Release|Any CPU
	EndGlobalSection
	GlobalSection(SolutionProperties) = preSolution
		HideSolutionNode = FALSE
	EndGlobalSection
	GlobalSection(NestedProjects) = preSolution
		{B27D5CCA-33D6-4DB0-9D0F-BDA01F927546} = {5DA2D91B-1AB8-4602-A4E4-7B96E81ACBFA}
		{66FD8237-66EA-414A-B5CB-D0A0283C30BF} = {5DA2D91B-1AB8-4602-A4E4-7B96E81ACBFA}
		{C91D6159-3754-4D83-81A4-52EF034AAA05} = {5DA2D91B-1AB8-4602-A4E4-7B96E81ACBFA}
	EndGlobalSection
	GlobalSection(ExtensibilityGlobals) = postSolution
		SolutionGuid = {3C429016-7F56-49C6-8FFB-CB3FC654A079}
	EndGlobalSection
EndGlobal
